# This file is automatically @generated by Cargo.
# It is not intended for manual editing.
[[package]]
name = "buddy-alloc"
version = "0.2.0"
source = "registry+https://github.com/rust-lang/crates.io-index"
checksum = "eddd1222019887eefb9b732d081d02171b4f4932e8d221b482b43f74a9ba6346"

[[package]]
name = "ckb-carrot"
version = "0.1.0"
dependencies = [
 "ckb-std",
]

[[package]]
name = "ckb-std"
version = "0.1.6"
source = "registry+https://github.com/rust-lang/crates.io-index"
checksum = "10525137ddabdde3ae8ba93441b0551bbb4addaf744f0d4e761bc8ff4b8c7fc3"
dependencies = [
 "buddy-alloc",
]
